<?xml version="1.0" encoding="utf-8"?>
<Project ToolsVersion="17.0" xmlns="http://schemas.microsoft.com/developer/msbuild/2003">
  <ItemGroup>
    <CustomBuild Include="C:\Users\avsom\CLionProjects\SimulacraEngine\CMakeFiles\f8365112e0991ab621333a00688cb1e2\INSTALL_force.rule">
      <Filter>CMake Rules</Filter>
    </CustomBuild>
  </ItemGroup>
  <ItemGroup>
    <Filter Include="CMake Rules">
      <UniqueIdentifier>{02DC69A7-73B1-3FA4-AFB2-65618D83B273}</UniqueIdentifier>
    </Filter>
  </ItemGroup>
</Project>
