
Microsoft Visual Studio Solution File, Format Version 12.00
# Visual Studio Version 17
Project("{2150E333-8FDC-42A3-9474-1A3956D46DE8}") = "CMakePredefinedTargets", "CMakePredefinedTargets", "{0346ADA4-69D7-3EBB-A055-D9A396D1242F}"
EndProject
Project("{2150E333-8FDC-42A3-9474-1A3956D46DE8}") = "GLFW3", "GLFW3", "{DC7A15DE-E22A-335A-882F-C631CD5052D6}"
EndProject
Project("{2150E333-8FDC-42A3-9474-1A3956D46DE8}") = "Examples", "GLFW3\Examples", "{8BCE9603-2FC4-3C7C-9D91-C652D370D756}"
EndProject
Project("{2150E333-8FDC-42A3-9474-1A3956D46DE8}") = "Tests", "GLFW3\Tests", "{B4E9BD49-637A-3758-882A-667843422BE5}"
EndProject
Project("{8BC9CEB8-8B4A-11D0-8D11-00A0C91BC942}") = "ALL_BUILD", "ALL_BUILD.vcxproj", "{80893AD9-5BDA-3951-AB1B-4F5EB576D657}"
	ProjectSection(ProjectDependencies) = postProject
		{D1790F16-AC37-3059-A817-B701A426A2E4} = {D1790F16-AC37-3059-A817-B701A426A2E4}
		{066686C8-321B-39B0-9D00-711983CAE0FE} = {066686C8-321B-39B0-9D00-711983CAE0FE}
		{63AA87B2-48B2-3FBE-965B-B42F85C2EFDC} = {63AA87B2-48B2-3FBE-965B-B42F85C2EFDC}
		{56A708AA-0D00-304E-BC9F-6359402A4E65} = {56A708AA-0D00-304E-BC9F-6359402A4E65}
		{760108D1-06F5-3E23-92BE-41605C586BA2} = {760108D1-06F5-3E23-92BE-41605C586BA2}
		{FA51DF7C-4DDB-3BA3-8A4F-905D6EB4183E} = {FA51DF7C-4DDB-3BA3-8A4F-905D6EB4183E}
		{2B96EAAB-E087-3D78-914B-F43BF2B4892C} = {2B96EAAB-E087-3D78-914B-F43BF2B4892C}
		{A22D5016-1C01-3977-8069-9E6153E95FAD} = {A22D5016-1C01-3977-8069-9E6153E95FAD}
		{5E4E69AA-3D12-37C2-A0EC-ADC469B5DCC1} = {5E4E69AA-3D12-37C2-A0EC-ADC469B5DCC1}
		{9B02F18A-5DF2-32AD-8800-8B12A234F0AE} = {9B02F18A-5DF2-32AD-8800-8B12A234F0AE}
		{7CE06FA5-D3C0-3417-95F5-74EAB34C01DA} = {7CE06FA5-D3C0-3417-95F5-74EAB34C01DA}
		{4E23384E-84D3-3B29-8D29-6F3147B4E052} = {4E23384E-84D3-3B29-8D29-6F3147B4E052}
		{CCE899AE-1393-3683-A887-89498EC0EF0C} = {CCE899AE-1393-3683-A887-89498EC0EF0C}
		{F4EFB53F-BC85-3455-94A8-51271A32B7E1} = {F4EFB53F-BC85-3455-94A8-51271A32B7E1}
		{2BD55037-BB5A-39FE-A8B5-FD76AE1C9B1A} = {2BD55037-BB5A-39FE-A8B5-FD76AE1C9B1A}
		{19041440-BADD-3FC6-810E-52066B9D00EE} = {19041440-BADD-3FC6-810E-52066B9D00EE}
		{0A249255-C9B8-3216-94B1-9237F5292FA2} = {0A249255-C9B8-3216-94B1-9237F5292FA2}
		{FC9D6C10-0B84-32D1-96A4-E73BBAED5185} = {FC9D6C10-0B84-32D1-96A4-E73BBAED5185}
		{4844B5AE-04CB-3FDA-B56D-45894DB8B9DB} = {4844B5AE-04CB-3FDA-B56D-45894DB8B9DB}
		{A6B4A362-6D98-328E-B957-B58D88A15C42} = {A6B4A362-6D98-328E-B957-B58D88A15C42}
		{199B6B06-5D9E-3474-AFC0-4210EA2884FE} = {199B6B06-5D9E-3474-AFC0-4210EA2884FE}
		{C3900FDC-95A9-3971-AD24-39FE212785E7} = {C3900FDC-95A9-3971-AD24-39FE212785E7}
		{556B89D3-878F-3DE5-8816-3F20DFB1047B} = {556B89D3-878F-3DE5-8816-3F20DFB1047B}
		{FE397006-E8FC-32AA-806D-08519F813F9C} = {FE397006-E8FC-32AA-806D-08519F813F9C}
		{4CD46AA3-9329-3F84-A517-AE0A754780FF} = {4CD46AA3-9329-3F84-A517-AE0A754780FF}
		{683C93B1-7303-3AB7-8A5B-021018165F9B} = {683C93B1-7303-3AB7-8A5B-021018165F9B}
		{D2C48B75-46D9-30CC-B512-C9A78E996ABD} = {D2C48B75-46D9-30CC-B512-C9A78E996ABD}
		{A752FFDC-95EF-33A5-A1BB-ED10B51B644E} = {A752FFDC-95EF-33A5-A1BB-ED10B51B644E}
		{918716BD-8DCC-322E-B450-AB0726B44A72} = {918716BD-8DCC-322E-B450-AB0726B44A72}
		{A13D4B37-27D8-313E-8E03-03BA82C4A7EC} = {A13D4B37-27D8-313E-8E03-03BA82C4A7EC}
		{FF4DC021-9F62-3852-9A12-94D9EBFD670E} = {FF4DC021-9F62-3852-9A12-94D9EBFD670E}
	EndProjectSection
EndProject
Project("{8BC9CEB8-8B4A-11D0-8D11-00A0C91BC942}") = "INSTALL", "INSTALL.vcxproj", "{790DA6C6-3A4C-3197-947C-185698511DE8}"
	ProjectSection(ProjectDependencies) = postProject
		{80893AD9-5BDA-3951-AB1B-4F5EB576D657} = {80893AD9-5BDA-3951-AB1B-4F5EB576D657}
		{D1790F16-AC37-3059-A817-B701A426A2E4} = {D1790F16-AC37-3059-A817-B701A426A2E4}
	EndProjectSection
EndProject
Project("{8BC9CEB8-8B4A-11D0-8D11-00A0C91BC942}") = "ZERO_CHECK", "..\\ZERO_CHECK.vcxproj", "{D1790F16-AC37-3059-A817-B701A426A2E4}"
	ProjectSection(ProjectDependencies) = postProject
	EndProjectSection
EndProject
Project("{8BC9CEB8-8B4A-11D0-8D11-00A0C91BC942}") = "boing", "examples\boing.vcxproj", "{066686C8-321B-39B0-9D00-711983CAE0FE}"
	ProjectSection(ProjectDependencies) = postProject
		{D1790F16-AC37-3059-A817-B701A426A2E4} = {D1790F16-AC37-3059-A817-B701A426A2E4}
		{5E4E69AA-3D12-37C2-A0EC-ADC469B5DCC1} = {5E4E69AA-3D12-37C2-A0EC-ADC469B5DCC1}
	EndProjectSection
EndProject
Project("{8BC9CEB8-8B4A-11D0-8D11-00A0C91BC942}") = "clipboard", "tests\clipboard.vcxproj", "{63AA87B2-48B2-3FBE-965B-B42F85C2EFDC}"
	ProjectSection(ProjectDependencies) = postProject
		{D1790F16-AC37-3059-A817-B701A426A2E4} = {D1790F16-AC37-3059-A817-B701A426A2E4}
		{5E4E69AA-3D12-37C2-A0EC-ADC469B5DCC1} = {5E4E69AA-3D12-37C2-A0EC-ADC469B5DCC1}
	EndProjectSection
EndProject
Project("{8BC9CEB8-8B4A-11D0-8D11-00A0C91BC942}") = "cursor", "tests\cursor.vcxproj", "{56A708AA-0D00-304E-BC9F-6359402A4E65}"
	ProjectSection(ProjectDependencies) = postProject
		{D1790F16-AC37-3059-A817-B701A426A2E4} = {D1790F16-AC37-3059-A817-B701A426A2E4}
		{5E4E69AA-3D12-37C2-A0EC-ADC469B5DCC1} = {5E4E69AA-3D12-37C2-A0EC-ADC469B5DCC1}
	EndProjectSection
EndProject
Project("{8BC9CEB8-8B4A-11D0-8D11-00A0C91BC942}") = "empty", "tests\empty.vcxproj", "{760108D1-06F5-3E23-92BE-41605C586BA2}"
	ProjectSection(ProjectDependencies) = postProject
		{D1790F16-AC37-3059-A817-B701A426A2E4} = {D1790F16-AC37-3059-A817-B701A426A2E4}
		{5E4E69AA-3D12-37C2-A0EC-ADC469B5DCC1} = {5E4E69AA-3D12-37C2-A0EC-ADC469B5DCC1}
	EndProjectSection
EndProject
Project("{8BC9CEB8-8B4A-11D0-8D11-00A0C91BC942}") = "events", "tests\events.vcxproj", "{FA51DF7C-4DDB-3BA3-8A4F-905D6EB4183E}"
	ProjectSection(ProjectDependencies) = postProject
		{D1790F16-AC37-3059-A817-B701A426A2E4} = {D1790F16-AC37-3059-A817-B701A426A2E4}
		{5E4E69AA-3D12-37C2-A0EC-ADC469B5DCC1} = {5E4E69AA-3D12-37C2-A0EC-ADC469B5DCC1}
	EndProjectSection
EndProject
Project("{8BC9CEB8-8B4A-11D0-8D11-00A0C91BC942}") = "gamma", "tests\gamma.vcxproj", "{2B96EAAB-E087-3D78-914B-F43BF2B4892C}"
	ProjectSection(ProjectDependencies) = postProject
		{D1790F16-AC37-3059-A817-B701A426A2E4} = {D1790F16-AC37-3059-A817-B701A426A2E4}
		{5E4E69AA-3D12-37C2-A0EC-ADC469B5DCC1} = {5E4E69AA-3D12-37C2-A0EC-ADC469B5DCC1}
	EndProjectSection
EndProject
Project("{8BC9CEB8-8B4A-11D0-8D11-00A0C91BC942}") = "gears", "examples\gears.vcxproj", "{A22D5016-1C01-3977-8069-9E6153E95FAD}"
	ProjectSection(ProjectDependencies) = postProject
		{D1790F16-AC37-3059-A817-B701A426A2E4} = {D1790F16-AC37-3059-A817-B701A426A2E4}
		{5E4E69AA-3D12-37C2-A0EC-ADC469B5DCC1} = {5E4E69AA-3D12-37C2-A0EC-ADC469B5DCC1}
	EndProjectSection
EndProject
Project("{8BC9CEB8-8B4A-11D0-8D11-00A0C91BC942}") = "glfw", "src\glfw.vcxproj", "{5E4E69AA-3D12-37C2-A0EC-ADC469B5DCC1}"
	ProjectSection(ProjectDependencies) = postProject
		{D1790F16-AC37-3059-A817-B701A426A2E4} = {D1790F16-AC37-3059-A817-B701A426A2E4}
	EndProjectSection
EndProject
Project("{8BC9CEB8-8B4A-11D0-8D11-00A0C91BC942}") = "glfwinfo", "tests\glfwinfo.vcxproj", "{9B02F18A-5DF2-32AD-8800-8B12A234F0AE}"
	ProjectSection(ProjectDependencies) = postProject
		{D1790F16-AC37-3059-A817-B701A426A2E4} = {D1790F16-AC37-3059-A817-B701A426A2E4}
		{5E4E69AA-3D12-37C2-A0EC-ADC469B5DCC1} = {5E4E69AA-3D12-37C2-A0EC-ADC469B5DCC1}
	EndProjectSection
EndProject
Project("{8BC9CEB8-8B4A-11D0-8D11-00A0C91BC942}") = "heightmap", "examples\heightmap.vcxproj", "{7CE06FA5-D3C0-3417-95F5-74EAB34C01DA}"
	ProjectSection(ProjectDependencies) = postProject
		{D1790F16-AC37-3059-A817-B701A426A2E4} = {D1790F16-AC37-3059-A817-B701A426A2E4}
		{5E4E69AA-3D12-37C2-A0EC-ADC469B5DCC1} = {5E4E69AA-3D12-37C2-A0EC-ADC469B5DCC1}
	EndProjectSection
EndProject
Project("{8BC9CEB8-8B4A-11D0-8D11-00A0C91BC942}") = "icon", "tests\icon.vcxproj", "{4E23384E-84D3-3B29-8D29-6F3147B4E052}"
	ProjectSection(ProjectDependencies) = postProject
		{D1790F16-AC37-3059-A817-B701A426A2E4} = {D1790F16-AC37-3059-A817-B701A426A2E4}
		{5E4E69AA-3D12-37C2-A0EC-ADC469B5DCC1} = {5E4E69AA-3D12-37C2-A0EC-ADC469B5DCC1}
	EndProjectSection
EndProject
Project("{8BC9CEB8-8B4A-11D0-8D11-00A0C91BC942}") = "iconify", "tests\iconify.vcxproj", "{CCE899AE-1393-3683-A887-89498EC0EF0C}"
	ProjectSection(ProjectDependencies) = postProject
		{D1790F16-AC37-3059-A817-B701A426A2E4} = {D1790F16-AC37-3059-A817-B701A426A2E4}
		{5E4E69AA-3D12-37C2-A0EC-ADC469B5DCC1} = {5E4E69AA-3D12-37C2-A0EC-ADC469B5DCC1}
	EndProjectSection
EndProject
Project("{8BC9CEB8-8B4A-11D0-8D11-00A0C91BC942}") = "inputlag", "tests\inputlag.vcxproj", "{F4EFB53F-BC85-3455-94A8-51271A32B7E1}"
	ProjectSection(ProjectDependencies) = postProject
		{D1790F16-AC37-3059-A817-B701A426A2E4} = {D1790F16-AC37-3059-A817-B701A426A2E4}
		{5E4E69AA-3D12-37C2-A0EC-ADC469B5DCC1} = {5E4E69AA-3D12-37C2-A0EC-ADC469B5DCC1}
	EndProjectSection
EndProject
Project("{8BC9CEB8-8B4A-11D0-8D11-00A0C91BC942}") = "joysticks", "tests\joysticks.vcxproj", "{2BD55037-BB5A-39FE-A8B5-FD76AE1C9B1A}"
	ProjectSection(ProjectDependencies) = postProject
		{D1790F16-AC37-3059-A817-B701A426A2E4} = {D1790F16-AC37-3059-A817-B701A426A2E4}
		{5E4E69AA-3D12-37C2-A0EC-ADC469B5DCC1} = {5E4E69AA-3D12-37C2-A0EC-ADC469B5DCC1}
	EndProjectSection
EndProject
Project("{8BC9CEB8-8B4A-11D0-8D11-00A0C91BC942}") = "monitors", "tests\monitors.vcxproj", "{19041440-BADD-3FC6-810E-52066B9D00EE}"
	ProjectSection(ProjectDependencies) = postProject
		{D1790F16-AC37-3059-A817-B701A426A2E4} = {D1790F16-AC37-3059-A817-B701A426A2E4}
		{5E4E69AA-3D12-37C2-A0EC-ADC469B5DCC1} = {5E4E69AA-3D12-37C2-A0EC-ADC469B5DCC1}
	EndProjectSection
EndProject
Project("{8BC9CEB8-8B4A-11D0-8D11-00A0C91BC942}") = "msaa", "tests\msaa.vcxproj", "{0A249255-C9B8-3216-94B1-9237F5292FA2}"
	ProjectSection(ProjectDependencies) = postProject
		{D1790F16-AC37-3059-A817-B701A426A2E4} = {D1790F16-AC37-3059-A817-B701A426A2E4}
		{5E4E69AA-3D12-37C2-A0EC-ADC469B5DCC1} = {5E4E69AA-3D12-37C2-A0EC-ADC469B5DCC1}
	EndProjectSection
EndProject
Project("{8BC9CEB8-8B4A-11D0-8D11-00A0C91BC942}") = "offscreen", "examples\offscreen.vcxproj", "{FC9D6C10-0B84-32D1-96A4-E73BBAED5185}"
	ProjectSection(ProjectDependencies) = postProject
		{D1790F16-AC37-3059-A817-B701A426A2E4} = {D1790F16-AC37-3059-A817-B701A426A2E4}
		{5E4E69AA-3D12-37C2-A0EC-ADC469B5DCC1} = {5E4E69AA-3D12-37C2-A0EC-ADC469B5DCC1}
	EndProjectSection
EndProject
Project("{8BC9CEB8-8B4A-11D0-8D11-00A0C91BC942}") = "opacity", "tests\opacity.vcxproj", "{4844B5AE-04CB-3FDA-B56D-45894DB8B9DB}"
	ProjectSection(ProjectDependencies) = postProject
		{D1790F16-AC37-3059-A817-B701A426A2E4} = {D1790F16-AC37-3059-A817-B701A426A2E4}
		{5E4E69AA-3D12-37C2-A0EC-ADC469B5DCC1} = {5E4E69AA-3D12-37C2-A0EC-ADC469B5DCC1}
	EndProjectSection
EndProject
Project("{8BC9CEB8-8B4A-11D0-8D11-00A0C91BC942}") = "particles", "examples\particles.vcxproj", "{A6B4A362-6D98-328E-B957-B58D88A15C42}"
	ProjectSection(ProjectDependencies) = postProject
		{D1790F16-AC37-3059-A817-B701A426A2E4} = {D1790F16-AC37-3059-A817-B701A426A2E4}
		{5E4E69AA-3D12-37C2-A0EC-ADC469B5DCC1} = {5E4E69AA-3D12-37C2-A0EC-ADC469B5DCC1}
	EndProjectSection
EndProject
Project("{8BC9CEB8-8B4A-11D0-8D11-00A0C91BC942}") = "reopen", "tests\reopen.vcxproj", "{199B6B06-5D9E-3474-AFC0-4210EA2884FE}"
	ProjectSection(ProjectDependencies) = postProject
		{D1790F16-AC37-3059-A817-B701A426A2E4} = {D1790F16-AC37-3059-A817-B701A426A2E4}
		{5E4E69AA-3D12-37C2-A0EC-ADC469B5DCC1} = {5E4E69AA-3D12-37C2-A0EC-ADC469B5DCC1}
	EndProjectSection
EndProject
Project("{8BC9CEB8-8B4A-11D0-8D11-00A0C91BC942}") = "sharing", "examples\sharing.vcxproj", "{C3900FDC-95A9-3971-AD24-39FE212785E7}"
	ProjectSection(ProjectDependencies) = postProject
		{D1790F16-AC37-3059-A817-B701A426A2E4} = {D1790F16-AC37-3059-A817-B701A426A2E4}
		{5E4E69AA-3D12-37C2-A0EC-ADC469B5DCC1} = {5E4E69AA-3D12-37C2-A0EC-ADC469B5DCC1}
	EndProjectSection
EndProject
Project("{8BC9CEB8-8B4A-11D0-8D11-00A0C91BC942}") = "simple", "examples\simple.vcxproj", "{556B89D3-878F-3DE5-8816-3F20DFB1047B}"
	ProjectSection(ProjectDependencies) = postProject
		{D1790F16-AC37-3059-A817-B701A426A2E4} = {D1790F16-AC37-3059-A817-B701A426A2E4}
		{5E4E69AA-3D12-37C2-A0EC-ADC469B5DCC1} = {5E4E69AA-3D12-37C2-A0EC-ADC469B5DCC1}
	EndProjectSection
EndProject
Project("{8BC9CEB8-8B4A-11D0-8D11-00A0C91BC942}") = "splitview", "examples\splitview.vcxproj", "{FE397006-E8FC-32AA-806D-08519F813F9C}"
	ProjectSection(ProjectDependencies) = postProject
		{D1790F16-AC37-3059-A817-B701A426A2E4} = {D1790F16-AC37-3059-A817-B701A426A2E4}
		{5E4E69AA-3D12-37C2-A0EC-ADC469B5DCC1} = {5E4E69AA-3D12-37C2-A0EC-ADC469B5DCC1}
	EndProjectSection
EndProject
Project("{8BC9CEB8-8B4A-11D0-8D11-00A0C91BC942}") = "tearing", "tests\tearing.vcxproj", "{4CD46AA3-9329-3F84-A517-AE0A754780FF}"
	ProjectSection(ProjectDependencies) = postProject
		{D1790F16-AC37-3059-A817-B701A426A2E4} = {D1790F16-AC37-3059-A817-B701A426A2E4}
		{5E4E69AA-3D12-37C2-A0EC-ADC469B5DCC1} = {5E4E69AA-3D12-37C2-A0EC-ADC469B5DCC1}
	EndProjectSection
EndProject
Project("{8BC9CEB8-8B4A-11D0-8D11-00A0C91BC942}") = "threads", "tests\threads.vcxproj", "{683C93B1-7303-3AB7-8A5B-021018165F9B}"
	ProjectSection(ProjectDependencies) = postProject
		{D1790F16-AC37-3059-A817-B701A426A2E4} = {D1790F16-AC37-3059-A817-B701A426A2E4}
		{5E4E69AA-3D12-37C2-A0EC-ADC469B5DCC1} = {5E4E69AA-3D12-37C2-A0EC-ADC469B5DCC1}
	EndProjectSection
EndProject
Project("{8BC9CEB8-8B4A-11D0-8D11-00A0C91BC942}") = "timeout", "tests\timeout.vcxproj", "{D2C48B75-46D9-30CC-B512-C9A78E996ABD}"
	ProjectSection(ProjectDependencies) = postProject
		{D1790F16-AC37-3059-A817-B701A426A2E4} = {D1790F16-AC37-3059-A817-B701A426A2E4}
		{5E4E69AA-3D12-37C2-A0EC-ADC469B5DCC1} = {5E4E69AA-3D12-37C2-A0EC-ADC469B5DCC1}
	EndProjectSection
EndProject
Project("{8BC9CEB8-8B4A-11D0-8D11-00A0C91BC942}") = "title", "tests\title.vcxproj", "{A752FFDC-95EF-33A5-A1BB-ED10B51B644E}"
	ProjectSection(ProjectDependencies) = postProject
		{D1790F16-AC37-3059-A817-B701A426A2E4} = {D1790F16-AC37-3059-A817-B701A426A2E4}
		{5E4E69AA-3D12-37C2-A0EC-ADC469B5DCC1} = {5E4E69AA-3D12-37C2-A0EC-ADC469B5DCC1}
	EndProjectSection
EndProject
Project("{8BC9CEB8-8B4A-11D0-8D11-00A0C91BC942}") = "triangle-vulkan", "tests\triangle-vulkan.vcxproj", "{918716BD-8DCC-322E-B450-AB0726B44A72}"
	ProjectSection(ProjectDependencies) = postProject
		{D1790F16-AC37-3059-A817-B701A426A2E4} = {D1790F16-AC37-3059-A817-B701A426A2E4}
		{5E4E69AA-3D12-37C2-A0EC-ADC469B5DCC1} = {5E4E69AA-3D12-37C2-A0EC-ADC469B5DCC1}
	EndProjectSection
EndProject
Project("{8BC9CEB8-8B4A-11D0-8D11-00A0C91BC942}") = "uninstall", "uninstall.vcxproj", "{28BB23E9-60A4-346B-8C23-67A1E908C1EA}"
	ProjectSection(ProjectDependencies) = postProject
		{D1790F16-AC37-3059-A817-B701A426A2E4} = {D1790F16-AC37-3059-A817-B701A426A2E4}
	EndProjectSection
EndProject
Project("{8BC9CEB8-8B4A-11D0-8D11-00A0C91BC942}") = "update_mappings", "src\update_mappings.vcxproj", "{DAF804ED-EC9A-3B39-BCFB-D5CCA58D6593}"
	ProjectSection(ProjectDependencies) = postProject
		{D1790F16-AC37-3059-A817-B701A426A2E4} = {D1790F16-AC37-3059-A817-B701A426A2E4}
	EndProjectSection
EndProject
Project("{8BC9CEB8-8B4A-11D0-8D11-00A0C91BC942}") = "wave", "examples\wave.vcxproj", "{A13D4B37-27D8-313E-8E03-03BA82C4A7EC}"
	ProjectSection(ProjectDependencies) = postProject
		{D1790F16-AC37-3059-A817-B701A426A2E4} = {D1790F16-AC37-3059-A817-B701A426A2E4}
		{5E4E69AA-3D12-37C2-A0EC-ADC469B5DCC1} = {5E4E69AA-3D12-37C2-A0EC-ADC469B5DCC1}
	EndProjectSection
EndProject
Project("{8BC9CEB8-8B4A-11D0-8D11-00A0C91BC942}") = "windows", "tests\windows.vcxproj", "{FF4DC021-9F62-3852-9A12-94D9EBFD670E}"
	ProjectSection(ProjectDependencies) = postProject
		{D1790F16-AC37-3059-A817-B701A426A2E4} = {D1790F16-AC37-3059-A817-B701A426A2E4}
		{5E4E69AA-3D12-37C2-A0EC-ADC469B5DCC1} = {5E4E69AA-3D12-37C2-A0EC-ADC469B5DCC1}
	EndProjectSection
EndProject
Global
	GlobalSection(SolutionConfigurationPlatforms) = preSolution
		Debug|x64 = Debug|x64
		Release|x64 = Release|x64
		MinSizeRel|x64 = MinSizeRel|x64
		RelWithDebInfo|x64 = RelWithDebInfo|x64
	EndGlobalSection
	GlobalSection(ProjectConfigurationPlatforms) = postSolution
		{80893AD9-5BDA-3951-AB1B-4F5EB576D657}.Debug|x64.ActiveCfg = Debug|x64
		{80893AD9-5BDA-3951-AB1B-4F5EB576D657}.Debug|x64.Build.0 = Debug|x64
		{80893AD9-5BDA-3951-AB1B-4F5EB576D657}.Release|x64.ActiveCfg = Release|x64
		{80893AD9-5BDA-3951-AB1B-4F5EB576D657}.Release|x64.Build.0 = Release|x64
		{80893AD9-5BDA-3951-AB1B-4F5EB576D657}.MinSizeRel|x64.ActiveCfg = MinSizeRel|x64
		{80893AD9-5BDA-3951-AB1B-4F5EB576D657}.MinSizeRel|x64.Build.0 = MinSizeRel|x64
		{80893AD9-5BDA-3951-AB1B-4F5EB576D657}.RelWithDebInfo|x64.ActiveCfg = RelWithDebInfo|x64
		{80893AD9-5BDA-3951-AB1B-4F5EB576D657}.RelWithDebInfo|x64.Build.0 = RelWithDebInfo|x64
		{790DA6C6-3A4C-3197-947C-185698511DE8}.Debug|x64.ActiveCfg = Debug|x64
		{790DA6C6-3A4C-3197-947C-185698511DE8}.Release|x64.ActiveCfg = Release|x64
		{790DA6C6-3A4C-3197-947C-185698511DE8}.MinSizeRel|x64.ActiveCfg = MinSizeRel|x64
		{790DA6C6-3A4C-3197-947C-185698511DE8}.RelWithDebInfo|x64.ActiveCfg = RelWithDebInfo|x64
		{D1790F16-AC37-3059-A817-B701A426A2E4}.Debug|x64.ActiveCfg = Debug|x64
		{D1790F16-AC37-3059-A817-B701A426A2E4}.Debug|x64.Build.0 = Debug|x64
		{D1790F16-AC37-3059-A817-B701A426A2E4}.Release|x64.ActiveCfg = Release|x64
		{D1790F16-AC37-3059-A817-B701A426A2E4}.Release|x64.Build.0 = Release|x64
		{D1790F16-AC37-3059-A817-B701A426A2E4}.MinSizeRel|x64.ActiveCfg = MinSizeRel|x64
		{D1790F16-AC37-3059-A817-B701A426A2E4}.MinSizeRel|x64.Build.0 = MinSizeRel|x64
		{D1790F16-AC37-3059-A817-B701A426A2E4}.RelWithDebInfo|x64.ActiveCfg = RelWithDebInfo|x64
		{D1790F16-AC37-3059-A817-B701A426A2E4}.RelWithDebInfo|x64.Build.0 = RelWithDebInfo|x64
		{066686C8-321B-39B0-9D00-711983CAE0FE}.Debug|x64.ActiveCfg = Debug|x64
		{066686C8-321B-39B0-9D00-711983CAE0FE}.Debug|x64.Build.0 = Debug|x64
		{066686C8-321B-39B0-9D00-711983CAE0FE}.Release|x64.ActiveCfg = Release|x64
		{066686C8-321B-39B0-9D00-711983CAE0FE}.Release|x64.Build.0 = Release|x64
		{066686C8-321B-39B0-9D00-711983CAE0FE}.MinSizeRel|x64.ActiveCfg = MinSizeRel|x64
		{066686C8-321B-39B0-9D00-711983CAE0FE}.MinSizeRel|x64.Build.0 = MinSizeRel|x64
		{066686C8-321B-39B0-9D00-711983CAE0FE}.RelWithDebInfo|x64.ActiveCfg = RelWithDebInfo|x64
		{066686C8-321B-39B0-9D00-711983CAE0FE}.RelWithDebInfo|x64.Build.0 = RelWithDebInfo|x64
		{63AA87B2-48B2-3FBE-965B-B42F85C2EFDC}.Debug|x64.ActiveCfg = Debug|x64
		{63AA87B2-48B2-3FBE-965B-B42F85C2EFDC}.Debug|x64.Build.0 = Debug|x64
		{63AA87B2-48B2-3FBE-965B-B42F85C2EFDC}.Release|x64.ActiveCfg = Release|x64
		{63AA87B2-48B2-3FBE-965B-B42F85C2EFDC}.Release|x64.Build.0 = Release|x64
		{63AA87B2-48B2-3FBE-965B-B42F85C2EFDC}.MinSizeRel|x64.ActiveCfg = MinSizeRel|x64
		{63AA87B2-48B2-3FBE-965B-B42F85C2EFDC}.MinSizeRel|x64.Build.0 = MinSizeRel|x64
		{63AA87B2-48B2-3FBE-965B-B42F85C2EFDC}.RelWithDebInfo|x64.ActiveCfg = RelWithDebInfo|x64
		{63AA87B2-48B2-3FBE-965B-B42F85C2EFDC}.RelWithDebInfo|x64.Build.0 = RelWithDebInfo|x64
		{56A708AA-0D00-304E-BC9F-6359402A4E65}.Debug|x64.ActiveCfg = Debug|x64
		{56A708AA-0D00-304E-BC9F-6359402A4E65}.Debug|x64.Build.0 = Debug|x64
		{56A708AA-0D00-304E-BC9F-6359402A4E65}.Release|x64.ActiveCfg = Release|x64
		{56A708AA-0D00-304E-BC9F-6359402A4E65}.Release|x64.Build.0 = Release|x64
		{56A708AA-0D00-304E-BC9F-6359402A4E65}.MinSizeRel|x64.ActiveCfg = MinSizeRel|x64
		{56A708AA-0D00-304E-BC9F-6359402A4E65}.MinSizeRel|x64.Build.0 = MinSizeRel|x64
		{56A708AA-0D00-304E-BC9F-6359402A4E65}.RelWithDebInfo|x64.ActiveCfg = RelWithDebInfo|x64
		{56A708AA-0D00-304E-BC9F-6359402A4E65}.RelWithDebInfo|x64.Build.0 = RelWithDebInfo|x64
		{760108D1-06F5-3E23-92BE-41605C586BA2}.Debug|x64.ActiveCfg = Debug|x64
		{760108D1-06F5-3E23-92BE-41605C586BA2}.Debug|x64.Build.0 = Debug|x64
		{760108D1-06F5-3E23-92BE-41605C586BA2}.Release|x64.ActiveCfg = Release|x64
		{760108D1-06F5-3E23-92BE-41605C586BA2}.Release|x64.Build.0 = Release|x64
		{760108D1-06F5-3E23-92BE-41605C586BA2}.MinSizeRel|x64.ActiveCfg = MinSizeRel|x64
		{760108D1-06F5-3E23-92BE-41605C586BA2}.MinSizeRel|x64.Build.0 = MinSizeRel|x64
		{760108D1-06F5-3E23-92BE-41605C586BA2}.RelWithDebInfo|x64.ActiveCfg = RelWithDebInfo|x64
		{760108D1-06F5-3E23-92BE-41605C586BA2}.RelWithDebInfo|x64.Build.0 = RelWithDebInfo|x64
		{FA51DF7C-4DDB-3BA3-8A4F-905D6EB4183E}.Debug|x64.ActiveCfg = Debug|x64
		{FA51DF7C-4DDB-3BA3-8A4F-905D6EB4183E}.Debug|x64.Build.0 = Debug|x64
		{FA51DF7C-4DDB-3BA3-8A4F-905D6EB4183E}.Release|x64.ActiveCfg = Release|x64
		{FA51DF7C-4DDB-3BA3-8A4F-905D6EB4183E}.Release|x64.Build.0 = Release|x64
		{FA51DF7C-4DDB-3BA3-8A4F-905D6EB4183E}.MinSizeRel|x64.ActiveCfg = MinSizeRel|x64
		{FA51DF7C-4DDB-3BA3-8A4F-905D6EB4183E}.MinSizeRel|x64.Build.0 = MinSizeRel|x64
		{FA51DF7C-4DDB-3BA3-8A4F-905D6EB4183E}.RelWithDebInfo|x64.ActiveCfg = RelWithDebInfo|x64
		{FA51DF7C-4DDB-3BA3-8A4F-905D6EB4183E}.RelWithDebInfo|x64.Build.0 = RelWithDebInfo|x64
		{2B96EAAB-E087-3D78-914B-F43BF2B4892C}.Debug|x64.ActiveCfg = Debug|x64
		{2B96EAAB-E087-3D78-914B-F43BF2B4892C}.Debug|x64.Build.0 = Debug|x64
		{2B96EAAB-E087-3D78-914B-F43BF2B4892C}.Release|x64.ActiveCfg = Release|x64
		{2B96EAAB-E087-3D78-914B-F43BF2B4892C}.Release|x64.Build.0 = Release|x64
		{2B96EAAB-E087-3D78-914B-F43BF2B4892C}.MinSizeRel|x64.ActiveCfg = MinSizeRel|x64
		{2B96EAAB-E087-3D78-914B-F43BF2B4892C}.MinSizeRel|x64.Build.0 = MinSizeRel|x64
		{2B96EAAB-E087-3D78-914B-F43BF2B4892C}.RelWithDebInfo|x64.ActiveCfg = RelWithDebInfo|x64
		{2B96EAAB-E087-3D78-914B-F43BF2B4892C}.RelWithDebInfo|x64.Build.0 = RelWithDebInfo|x64
		{A22D5016-1C01-3977-8069-9E6153E95FAD}.Debug|x64.ActiveCfg = Debug|x64
		{A22D5016-1C01-3977-8069-9E6153E95FAD}.Debug|x64.Build.0 = Debug|x64
		{A22D5016-1C01-3977-8069-9E6153E95FAD}.Release|x64.ActiveCfg = Release|x64
		{A22D5016-1C01-3977-8069-9E6153E95FAD}.Release|x64.Build.0 = Release|x64
		{A22D5016-1C01-3977-8069-9E6153E95FAD}.MinSizeRel|x64.ActiveCfg = MinSizeRel|x64
		{A22D5016-1C01-3977-8069-9E6153E95FAD}.MinSizeRel|x64.Build.0 = MinSizeRel|x64
		{A22D5016-1C01-3977-8069-9E6153E95FAD}.RelWithDebInfo|x64.ActiveCfg = RelWithDebInfo|x64
		{A22D5016-1C01-3977-8069-9E6153E95FAD}.RelWithDebInfo|x64.Build.0 = RelWithDebInfo|x64
		{5E4E69AA-3D12-37C2-A0EC-ADC469B5DCC1}.Debug|x64.ActiveCfg = Debug|x64
		{5E4E69AA-3D12-37C2-A0EC-ADC469B5DCC1}.Debug|x64.Build.0 = Debug|x64
		{5E4E69AA-3D12-37C2-A0EC-ADC469B5DCC1}.Release|x64.ActiveCfg = Release|x64
		{5E4E69AA-3D12-37C2-A0EC-ADC469B5DCC1}.Release|x64.Build.0 = Release|x64
		{5E4E69AA-3D12-37C2-A0EC-ADC469B5DCC1}.MinSizeRel|x64.ActiveCfg = MinSizeRel|x64
		{5E4E69AA-3D12-37C2-A0EC-ADC469B5DCC1}.MinSizeRel|x64.Build.0 = MinSizeRel|x64
		{5E4E69AA-3D12-37C2-A0EC-ADC469B5DCC1}.RelWithDebInfo|x64.ActiveCfg = RelWithDebInfo|x64
		{5E4E69AA-3D12-37C2-A0EC-ADC469B5DCC1}.RelWithDebInfo|x64.Build.0 = RelWithDebInfo|x64
		{9B02F18A-5DF2-32AD-8800-8B12A234F0AE}.Debug|x64.ActiveCfg = Debug|x64
		{9B02F18A-5DF2-32AD-8800-8B12A234F0AE}.Debug|x64.Build.0 = Debug|x64
		{9B02F18A-5DF2-32AD-8800-8B12A234F0AE}.Release|x64.ActiveCfg = Release|x64
		{9B02F18A-5DF2-32AD-8800-8B12A234F0AE}.Release|x64.Build.0 = Release|x64
		{9B02F18A-5DF2-32AD-8800-8B12A234F0AE}.MinSizeRel|x64.ActiveCfg = MinSizeRel|x64
		{9B02F18A-5DF2-32AD-8800-8B12A234F0AE}.MinSizeRel|x64.Build.0 = MinSizeRel|x64
		{9B02F18A-5DF2-32AD-8800-8B12A234F0AE}.RelWithDebInfo|x64.ActiveCfg = RelWithDebInfo|x64
		{9B02F18A-5DF2-32AD-8800-8B12A234F0AE}.RelWithDebInfo|x64.Build.0 = RelWithDebInfo|x64
		{7CE06FA5-D3C0-3417-95F5-74EAB34C01DA}.Debug|x64.ActiveCfg = Debug|x64
		{7CE06FA5-D3C0-3417-95F5-74EAB34C01DA}.Debug|x64.Build.0 = Debug|x64
		{7CE06FA5-D3C0-3417-95F5-74EAB34C01DA}.Release|x64.ActiveCfg = Release|x64
		{7CE06FA5-D3C0-3417-95F5-74EAB34C01DA}.Release|x64.Build.0 = Release|x64
		{7CE06FA5-D3C0-3417-95F5-74EAB34C01DA}.MinSizeRel|x64.ActiveCfg = MinSizeRel|x64
		{7CE06FA5-D3C0-3417-95F5-74EAB34C01DA}.MinSizeRel|x64.Build.0 = MinSizeRel|x64
		{7CE06FA5-D3C0-3417-95F5-74EAB34C01DA}.RelWithDebInfo|x64.ActiveCfg = RelWithDebInfo|x64
		{7CE06FA5-D3C0-3417-95F5-74EAB34C01DA}.RelWithDebInfo|x64.Build.0 = RelWithDebInfo|x64
		{4E23384E-84D3-3B29-8D29-6F3147B4E052}.Debug|x64.ActiveCfg = Debug|x64
		{4E23384E-84D3-3B29-8D29-6F3147B4E052}.Debug|x64.Build.0 = Debug|x64
		{4E23384E-84D3-3B29-8D29-6F3147B4E052}.Release|x64.ActiveCfg = Release|x64
		{4E23384E-84D3-3B29-8D29-6F3147B4E052}.Release|x64.Build.0 = Release|x64
		{4E23384E-84D3-3B29-8D29-6F3147B4E052}.MinSizeRel|x64.ActiveCfg = MinSizeRel|x64
		{4E23384E-84D3-3B29-8D29-6F3147B4E052}.MinSizeRel|x64.Build.0 = MinSizeRel|x64
		{4E23384E-84D3-3B29-8D29-6F3147B4E052}.RelWithDebInfo|x64.ActiveCfg = RelWithDebInfo|x64
		{4E23384E-84D3-3B29-8D29-6F3147B4E052}.RelWithDebInfo|x64.Build.0 = RelWithDebInfo|x64
		{CCE899AE-1393-3683-A887-89498EC0EF0C}.Debug|x64.ActiveCfg = Debug|x64
		{CCE899AE-1393-3683-A887-89498EC0EF0C}.Debug|x64.Build.0 = Debug|x64
		{CCE899AE-1393-3683-A887-89498EC0EF0C}.Release|x64.ActiveCfg = Release|x64
		{CCE899AE-1393-3683-A887-89498EC0EF0C}.Release|x64.Build.0 = Release|x64
		{CCE899AE-1393-3683-A887-89498EC0EF0C}.MinSizeRel|x64.ActiveCfg = MinSizeRel|x64
		{CCE899AE-1393-3683-A887-89498EC0EF0C}.MinSizeRel|x64.Build.0 = MinSizeRel|x64
		{CCE899AE-1393-3683-A887-89498EC0EF0C}.RelWithDebInfo|x64.ActiveCfg = RelWithDebInfo|x64
		{CCE899AE-1393-3683-A887-89498EC0EF0C}.RelWithDebInfo|x64.Build.0 = RelWithDebInfo|x64
		{F4EFB53F-BC85-3455-94A8-51271A32B7E1}.Debug|x64.ActiveCfg = Debug|x64
		{F4EFB53F-BC85-3455-94A8-51271A32B7E1}.Debug|x64.Build.0 = Debug|x64
		{F4EFB53F-BC85-3455-94A8-51271A32B7E1}.Release|x64.ActiveCfg = Release|x64
		{F4EFB53F-BC85-3455-94A8-51271A32B7E1}.Release|x64.Build.0 = Release|x64
		{F4EFB53F-BC85-3455-94A8-51271A32B7E1}.MinSizeRel|x64.ActiveCfg = MinSizeRel|x64
		{F4EFB53F-BC85-3455-94A8-51271A32B7E1}.MinSizeRel|x64.Build.0 = MinSizeRel|x64
		{F4EFB53F-BC85-3455-94A8-51271A32B7E1}.RelWithDebInfo|x64.ActiveCfg = RelWithDebInfo|x64
		{F4EFB53F-BC85-3455-94A8-51271A32B7E1}.RelWithDebInfo|x64.Build.0 = RelWithDebInfo|x64
		{2BD55037-BB5A-39FE-A8B5-FD76AE1C9B1A}.Debug|x64.ActiveCfg = Debug|x64
		{2BD55037-BB5A-39FE-A8B5-FD76AE1C9B1A}.Debug|x64.Build.0 = Debug|x64
		{2BD55037-BB5A-39FE-A8B5-FD76AE1C9B1A}.Release|x64.ActiveCfg = Release|x64
		{2BD55037-BB5A-39FE-A8B5-FD76AE1C9B1A}.Release|x64.Build.0 = Release|x64
		{2BD55037-BB5A-39FE-A8B5-FD76AE1C9B1A}.MinSizeRel|x64.ActiveCfg = MinSizeRel|x64
		{2BD55037-BB5A-39FE-A8B5-FD76AE1C9B1A}.MinSizeRel|x64.Build.0 = MinSizeRel|x64
		{2BD55037-BB5A-39FE-A8B5-FD76AE1C9B1A}.RelWithDebInfo|x64.ActiveCfg = RelWithDebInfo|x64
		{2BD55037-BB5A-39FE-A8B5-FD76AE1C9B1A}.RelWithDebInfo|x64.Build.0 = RelWithDebInfo|x64
		{19041440-BADD-3FC6-810E-52066B9D00EE}.Debug|x64.ActiveCfg = Debug|x64
		{19041440-BADD-3FC6-810E-52066B9D00EE}.Debug|x64.Build.0 = Debug|x64
		{19041440-BADD-3FC6-810E-52066B9D00EE}.Release|x64.ActiveCfg = Release|x64
		{19041440-BADD-3FC6-810E-52066B9D00EE}.Release|x64.Build.0 = Release|x64
		{19041440-BADD-3FC6-810E-52066B9D00EE}.MinSizeRel|x64.ActiveCfg = MinSizeRel|x64
		{19041440-BADD-3FC6-810E-52066B9D00EE}.MinSizeRel|x64.Build.0 = MinSizeRel|x64
		{19041440-BADD-3FC6-810E-52066B9D00EE}.RelWithDebInfo|x64.ActiveCfg = RelWithDebInfo|x64
		{19041440-BADD-3FC6-810E-52066B9D00EE}.RelWithDebInfo|x64.Build.0 = RelWithDebInfo|x64
		{0A249255-C9B8-3216-94B1-9237F5292FA2}.Debug|x64.ActiveCfg = Debug|x64
		{0A249255-C9B8-3216-94B1-9237F5292FA2}.Debug|x64.Build.0 = Debug|x64
		{0A249255-C9B8-3216-94B1-9237F5292FA2}.Release|x64.ActiveCfg = Release|x64
		{0A249255-C9B8-3216-94B1-9237F5292FA2}.Release|x64.Build.0 = Release|x64
		{0A249255-C9B8-3216-94B1-9237F5292FA2}.MinSizeRel|x64.ActiveCfg = MinSizeRel|x64
		{0A249255-C9B8-3216-94B1-9237F5292FA2}.MinSizeRel|x64.Build.0 = MinSizeRel|x64
		{0A249255-C9B8-3216-94B1-9237F5292FA2}.RelWithDebInfo|x64.ActiveCfg = RelWithDebInfo|x64
		{0A249255-C9B8-3216-94B1-9237F5292FA2}.RelWithDebInfo|x64.Build.0 = RelWithDebInfo|x64
		{FC9D6C10-0B84-32D1-96A4-E73BBAED5185}.Debug|x64.ActiveCfg = Debug|x64
		{FC9D6C10-0B84-32D1-96A4-E73BBAED5185}.Debug|x64.Build.0 = Debug|x64
		{FC9D6C10-0B84-32D1-96A4-E73BBAED5185}.Release|x64.ActiveCfg = Release|x64
		{FC9D6C10-0B84-32D1-96A4-E73BBAED5185}.Release|x64.Build.0 = Release|x64
		{FC9D6C10-0B84-32D1-96A4-E73BBAED5185}.MinSizeRel|x64.ActiveCfg = MinSizeRel|x64
		{FC9D6C10-0B84-32D1-96A4-E73BBAED5185}.MinSizeRel|x64.Build.0 = MinSizeRel|x64
		{FC9D6C10-0B84-32D1-96A4-E73BBAED5185}.RelWithDebInfo|x64.ActiveCfg = RelWithDebInfo|x64
		{FC9D6C10-0B84-32D1-96A4-E73BBAED5185}.RelWithDebInfo|x64.Build.0 = RelWithDebInfo|x64
		{4844B5AE-04CB-3FDA-B56D-45894DB8B9DB}.Debug|x64.ActiveCfg = Debug|x64
		{4844B5AE-04CB-3FDA-B56D-45894DB8B9DB}.Debug|x64.Build.0 = Debug|x64
		{4844B5AE-04CB-3FDA-B56D-45894DB8B9DB}.Release|x64.ActiveCfg = Release|x64
		{4844B5AE-04CB-3FDA-B56D-45894DB8B9DB}.Release|x64.Build.0 = Release|x64
		{4844B5AE-04CB-3FDA-B56D-45894DB8B9DB}.MinSizeRel|x64.ActiveCfg = MinSizeRel|x64
		{4844B5AE-04CB-3FDA-B56D-45894DB8B9DB}.MinSizeRel|x64.Build.0 = MinSizeRel|x64
		{4844B5AE-04CB-3FDA-B56D-45894DB8B9DB}.RelWithDebInfo|x64.ActiveCfg = RelWithDebInfo|x64
		{4844B5AE-04CB-3FDA-B56D-45894DB8B9DB}.RelWithDebInfo|x64.Build.0 = RelWithDebInfo|x64
		{A6B4A362-6D98-328E-B957-B58D88A15C42}.Debug|x64.ActiveCfg = Debug|x64
		{A6B4A362-6D98-328E-B957-B58D88A15C42}.Debug|x64.Build.0 = Debug|x64
		{A6B4A362-6D98-328E-B957-B58D88A15C42}.Release|x64.ActiveCfg = Release|x64
		{A6B4A362-6D98-328E-B957-B58D88A15C42}.Release|x64.Build.0 = Release|x64
		{A6B4A362-6D98-328E-B957-B58D88A15C42}.MinSizeRel|x64.ActiveCfg = MinSizeRel|x64
		{A6B4A362-6D98-328E-B957-B58D88A15C42}.MinSizeRel|x64.Build.0 = MinSizeRel|x64
		{A6B4A362-6D98-328E-B957-B58D88A15C42}.RelWithDebInfo|x64.ActiveCfg = RelWithDebInfo|x64
		{A6B4A362-6D98-328E-B957-B58D88A15C42}.RelWithDebInfo|x64.Build.0 = RelWithDebInfo|x64
		{199B6B06-5D9E-3474-AFC0-4210EA2884FE}.Debug|x64.ActiveCfg = Debug|x64
		{199B6B06-5D9E-3474-AFC0-4210EA2884FE}.Debug|x64.Build.0 = Debug|x64
		{199B6B06-5D9E-3474-AFC0-4210EA2884FE}.Release|x64.ActiveCfg = Release|x64
		{199B6B06-5D9E-3474-AFC0-4210EA2884FE}.Release|x64.Build.0 = Release|x64
		{199B6B06-5D9E-3474-AFC0-4210EA2884FE}.MinSizeRel|x64.ActiveCfg = MinSizeRel|x64
		{199B6B06-5D9E-3474-AFC0-4210EA2884FE}.MinSizeRel|x64.Build.0 = MinSizeRel|x64
		{199B6B06-5D9E-3474-AFC0-4210EA2884FE}.RelWithDebInfo|x64.ActiveCfg = RelWithDebInfo|x64
		{199B6B06-5D9E-3474-AFC0-4210EA2884FE}.RelWithDebInfo|x64.Build.0 = RelWithDebInfo|x64
		{C3900FDC-95A9-3971-AD24-39FE212785E7}.Debug|x64.ActiveCfg = Debug|x64
		{C3900FDC-95A9-3971-AD24-39FE212785E7}.Debug|x64.Build.0 = Debug|x64
		{C3900FDC-95A9-3971-AD24-39FE212785E7}.Release|x64.ActiveCfg = Release|x64
		{C3900FDC-95A9-3971-AD24-39FE212785E7}.Release|x64.Build.0 = Release|x64
		{C3900FDC-95A9-3971-AD24-39FE212785E7}.MinSizeRel|x64.ActiveCfg = MinSizeRel|x64
		{C3900FDC-95A9-3971-AD24-39FE212785E7}.MinSizeRel|x64.Build.0 = MinSizeRel|x64
		{C3900FDC-95A9-3971-AD24-39FE212785E7}.RelWithDebInfo|x64.ActiveCfg = RelWithDebInfo|x64
		{C3900FDC-95A9-3971-AD24-39FE212785E7}.RelWithDebInfo|x64.Build.0 = RelWithDebInfo|x64
		{556B89D3-878F-3DE5-8816-3F20DFB1047B}.Debug|x64.ActiveCfg = Debug|x64
		{556B89D3-878F-3DE5-8816-3F20DFB1047B}.Debug|x64.Build.0 = Debug|x64
		{556B89D3-878F-3DE5-8816-3F20DFB1047B}.Release|x64.ActiveCfg = Release|x64
		{556B89D3-878F-3DE5-8816-3F20DFB1047B}.Release|x64.Build.0 = Release|x64
		{556B89D3-878F-3DE5-8816-3F20DFB1047B}.MinSizeRel|x64.ActiveCfg = MinSizeRel|x64
		{556B89D3-878F-3DE5-8816-3F20DFB1047B}.MinSizeRel|x64.Build.0 = MinSizeRel|x64
		{556B89D3-878F-3DE5-8816-3F20DFB1047B}.RelWithDebInfo|x64.ActiveCfg = RelWithDebInfo|x64
		{556B89D3-878F-3DE5-8816-3F20DFB1047B}.RelWithDebInfo|x64.Build.0 = RelWithDebInfo|x64
		{FE397006-E8FC-32AA-806D-08519F813F9C}.Debug|x64.ActiveCfg = Debug|x64
		{FE397006-E8FC-32AA-806D-08519F813F9C}.Debug|x64.Build.0 = Debug|x64
		{FE397006-E8FC-32AA-806D-08519F813F9C}.Release|x64.ActiveCfg = Release|x64
		{FE397006-E8FC-32AA-806D-08519F813F9C}.Release|x64.Build.0 = Release|x64
		{FE397006-E8FC-32AA-806D-08519F813F9C}.MinSizeRel|x64.ActiveCfg = MinSizeRel|x64
		{FE397006-E8FC-32AA-806D-08519F813F9C}.MinSizeRel|x64.Build.0 = MinSizeRel|x64
		{FE397006-E8FC-32AA-806D-08519F813F9C}.RelWithDebInfo|x64.ActiveCfg = RelWithDebInfo|x64
		{FE397006-E8FC-32AA-806D-08519F813F9C}.RelWithDebInfo|x64.Build.0 = RelWithDebInfo|x64
		{4CD46AA3-9329-3F84-A517-AE0A754780FF}.Debug|x64.ActiveCfg = Debug|x64
		{4CD46AA3-9329-3F84-A517-AE0A754780FF}.Debug|x64.Build.0 = Debug|x64
		{4CD46AA3-9329-3F84-A517-AE0A754780FF}.Release|x64.ActiveCfg = Release|x64
		{4CD46AA3-9329-3F84-A517-AE0A754780FF}.Release|x64.Build.0 = Release|x64
		{4CD46AA3-9329-3F84-A517-AE0A754780FF}.MinSizeRel|x64.ActiveCfg = MinSizeRel|x64
		{4CD46AA3-9329-3F84-A517-AE0A754780FF}.MinSizeRel|x64.Build.0 = MinSizeRel|x64
		{4CD46AA3-9329-3F84-A517-AE0A754780FF}.RelWithDebInfo|x64.ActiveCfg = RelWithDebInfo|x64
		{4CD46AA3-9329-3F84-A517-AE0A754780FF}.RelWithDebInfo|x64.Build.0 = RelWithDebInfo|x64
		{683C93B1-7303-3AB7-8A5B-021018165F9B}.Debug|x64.ActiveCfg = Debug|x64
		{683C93B1-7303-3AB7-8A5B-021018165F9B}.Debug|x64.Build.0 = Debug|x64
		{683C93B1-7303-3AB7-8A5B-021018165F9B}.Release|x64.ActiveCfg = Release|x64
		{683C93B1-7303-3AB7-8A5B-021018165F9B}.Release|x64.Build.0 = Release|x64
		{683C93B1-7303-3AB7-8A5B-021018165F9B}.MinSizeRel|x64.ActiveCfg = MinSizeRel|x64
		{683C93B1-7303-3AB7-8A5B-021018165F9B}.MinSizeRel|x64.Build.0 = MinSizeRel|x64
		{683C93B1-7303-3AB7-8A5B-021018165F9B}.RelWithDebInfo|x64.ActiveCfg = RelWithDebInfo|x64
		{683C93B1-7303-3AB7-8A5B-021018165F9B}.RelWithDebInfo|x64.Build.0 = RelWithDebInfo|x64
		{D2C48B75-46D9-30CC-B512-C9A78E996ABD}.Debug|x64.ActiveCfg = Debug|x64
		{D2C48B75-46D9-30CC-B512-C9A78E996ABD}.Debug|x64.Build.0 = Debug|x64
		{D2C48B75-46D9-30CC-B512-C9A78E996ABD}.Release|x64.ActiveCfg = Release|x64
		{D2C48B75-46D9-30CC-B512-C9A78E996ABD}.Release|x64.Build.0 = Release|x64
		{D2C48B75-46D9-30CC-B512-C9A78E996ABD}.MinSizeRel|x64.ActiveCfg = MinSizeRel|x64
		{D2C48B75-46D9-30CC-B512-C9A78E996ABD}.MinSizeRel|x64.Build.0 = MinSizeRel|x64
		{D2C48B75-46D9-30CC-B512-C9A78E996ABD}.RelWithDebInfo|x64.ActiveCfg = RelWithDebInfo|x64
		{D2C48B75-46D9-30CC-B512-C9A78E996ABD}.RelWithDebInfo|x64.Build.0 = RelWithDebInfo|x64
		{A752FFDC-95EF-33A5-A1BB-ED10B51B644E}.Debug|x64.ActiveCfg = Debug|x64
		{A752FFDC-95EF-33A5-A1BB-ED10B51B644E}.Debug|x64.Build.0 = Debug|x64
		{A752FFDC-95EF-33A5-A1BB-ED10B51B644E}.Release|x64.ActiveCfg = Release|x64
		{A752FFDC-95EF-33A5-A1BB-ED10B51B644E}.Release|x64.Build.0 = Release|x64
		{A752FFDC-95EF-33A5-A1BB-ED10B51B644E}.MinSizeRel|x64.ActiveCfg = MinSizeRel|x64
		{A752FFDC-95EF-33A5-A1BB-ED10B51B644E}.MinSizeRel|x64.Build.0 = MinSizeRel|x64
		{A752FFDC-95EF-33A5-A1BB-ED10B51B644E}.RelWithDebInfo|x64.ActiveCfg = RelWithDebInfo|x64
		{A752FFDC-95EF-33A5-A1BB-ED10B51B644E}.RelWithDebInfo|x64.Build.0 = RelWithDebInfo|x64
		{918716BD-8DCC-322E-B450-AB0726B44A72}.Debug|x64.ActiveCfg = Debug|x64
		{918716BD-8DCC-322E-B450-AB0726B44A72}.Debug|x64.Build.0 = Debug|x64
		{918716BD-8DCC-322E-B450-AB0726B44A72}.Release|x64.ActiveCfg = Release|x64
		{918716BD-8DCC-322E-B450-AB0726B44A72}.Release|x64.Build.0 = Release|x64
		{918716BD-8DCC-322E-B450-AB0726B44A72}.MinSizeRel|x64.ActiveCfg = MinSizeRel|x64
		{918716BD-8DCC-322E-B450-AB0726B44A72}.MinSizeRel|x64.Build.0 = MinSizeRel|x64
		{918716BD-8DCC-322E-B450-AB0726B44A72}.RelWithDebInfo|x64.ActiveCfg = RelWithDebInfo|x64
		{918716BD-8DCC-322E-B450-AB0726B44A72}.RelWithDebInfo|x64.Build.0 = RelWithDebInfo|x64
		{28BB23E9-60A4-346B-8C23-67A1E908C1EA}.Debug|x64.ActiveCfg = Debug|x64
		{28BB23E9-60A4-346B-8C23-67A1E908C1EA}.Release|x64.ActiveCfg = Release|x64
		{28BB23E9-60A4-346B-8C23-67A1E908C1EA}.MinSizeRel|x64.ActiveCfg = MinSizeRel|x64
		{28BB23E9-60A4-346B-8C23-67A1E908C1EA}.RelWithDebInfo|x64.ActiveCfg = RelWithDebInfo|x64
		{DAF804ED-EC9A-3B39-BCFB-D5CCA58D6593}.Debug|x64.ActiveCfg = Debug|x64
		{DAF804ED-EC9A-3B39-BCFB-D5CCA58D6593}.Release|x64.ActiveCfg = Release|x64
		{DAF804ED-EC9A-3B39-BCFB-D5CCA58D6593}.MinSizeRel|x64.ActiveCfg = MinSizeRel|x64
		{DAF804ED-EC9A-3B39-BCFB-D5CCA58D6593}.RelWithDebInfo|x64.ActiveCfg = RelWithDebInfo|x64
		{A13D4B37-27D8-313E-8E03-03BA82C4A7EC}.Debug|x64.ActiveCfg = Debug|x64
		{A13D4B37-27D8-313E-8E03-03BA82C4A7EC}.Debug|x64.Build.0 = Debug|x64
		{A13D4B37-27D8-313E-8E03-03BA82C4A7EC}.Release|x64.ActiveCfg = Release|x64
		{A13D4B37-27D8-313E-8E03-03BA82C4A7EC}.Release|x64.Build.0 = Release|x64
		{A13D4B37-27D8-313E-8E03-03BA82C4A7EC}.MinSizeRel|x64.ActiveCfg = MinSizeRel|x64
		{A13D4B37-27D8-313E-8E03-03BA82C4A7EC}.MinSizeRel|x64.Build.0 = MinSizeRel|x64
		{A13D4B37-27D8-313E-8E03-03BA82C4A7EC}.RelWithDebInfo|x64.ActiveCfg = RelWithDebInfo|x64
		{A13D4B37-27D8-313E-8E03-03BA82C4A7EC}.RelWithDebInfo|x64.Build.0 = RelWithDebInfo|x64
		{FF4DC021-9F62-3852-9A12-94D9EBFD670E}.Debug|x64.ActiveCfg = Debug|x64
		{FF4DC021-9F62-3852-9A12-94D9EBFD670E}.Debug|x64.Build.0 = Debug|x64
		{FF4DC021-9F62-3852-9A12-94D9EBFD670E}.Release|x64.ActiveCfg = Release|x64
		{FF4DC021-9F62-3852-9A12-94D9EBFD670E}.Release|x64.Build.0 = Release|x64
		{FF4DC021-9F62-3852-9A12-94D9EBFD670E}.MinSizeRel|x64.ActiveCfg = MinSizeRel|x64
		{FF4DC021-9F62-3852-9A12-94D9EBFD670E}.MinSizeRel|x64.Build.0 = MinSizeRel|x64
		{FF4DC021-9F62-3852-9A12-94D9EBFD670E}.RelWithDebInfo|x64.ActiveCfg = RelWithDebInfo|x64
		{FF4DC021-9F62-3852-9A12-94D9EBFD670E}.RelWithDebInfo|x64.Build.0 = RelWithDebInfo|x64
	EndGlobalSection
	GlobalSection(NestedProjects) = preSolution
		{80893AD9-5BDA-3951-AB1B-4F5EB576D657} = {0346ADA4-69D7-3EBB-A055-D9A396D1242F}
		{790DA6C6-3A4C-3197-947C-185698511DE8} = {0346ADA4-69D7-3EBB-A055-D9A396D1242F}
		{D1790F16-AC37-3059-A817-B701A426A2E4} = {0346ADA4-69D7-3EBB-A055-D9A396D1242F}
		{8BCE9603-2FC4-3C7C-9D91-C652D370D756} = {DC7A15DE-E22A-335A-882F-C631CD5052D6}
		{B4E9BD49-637A-3758-882A-667843422BE5} = {DC7A15DE-E22A-335A-882F-C631CD5052D6}
		{5E4E69AA-3D12-37C2-A0EC-ADC469B5DCC1} = {DC7A15DE-E22A-335A-882F-C631CD5052D6}
		{28BB23E9-60A4-346B-8C23-67A1E908C1EA} = {DC7A15DE-E22A-335A-882F-C631CD5052D6}
		{DAF804ED-EC9A-3B39-BCFB-D5CCA58D6593} = {DC7A15DE-E22A-335A-882F-C631CD5052D6}
		{066686C8-321B-39B0-9D00-711983CAE0FE} = {8BCE9603-2FC4-3C7C-9D91-C652D370D756}
		{A22D5016-1C01-3977-8069-9E6153E95FAD} = {8BCE9603-2FC4-3C7C-9D91-C652D370D756}
		{7CE06FA5-D3C0-3417-95F5-74EAB34C01DA} = {8BCE9603-2FC4-3C7C-9D91-C652D370D756}
		{FC9D6C10-0B84-32D1-96A4-E73BBAED5185} = {8BCE9603-2FC4-3C7C-9D91-C652D370D756}
		{A6B4A362-6D98-328E-B957-B58D88A15C42} = {8BCE9603-2FC4-3C7C-9D91-C652D370D756}
		{C3900FDC-95A9-3971-AD24-39FE212785E7} = {8BCE9603-2FC4-3C7C-9D91-C652D370D756}
		{556B89D3-878F-3DE5-8816-3F20DFB1047B} = {8BCE9603-2FC4-3C7C-9D91-C652D370D756}
		{FE397006-E8FC-32AA-806D-08519F813F9C} = {8BCE9603-2FC4-3C7C-9D91-C652D370D756}
		{A13D4B37-27D8-313E-8E03-03BA82C4A7EC} = {8BCE9603-2FC4-3C7C-9D91-C652D370D756}
		{63AA87B2-48B2-3FBE-965B-B42F85C2EFDC} = {B4E9BD49-637A-3758-882A-667843422BE5}
		{56A708AA-0D00-304E-BC9F-6359402A4E65} = {B4E9BD49-637A-3758-882A-667843422BE5}
		{760108D1-06F5-3E23-92BE-41605C586BA2} = {B4E9BD49-637A-3758-882A-667843422BE5}
		{FA51DF7C-4DDB-3BA3-8A4F-905D6EB4183E} = {B4E9BD49-637A-3758-882A-667843422BE5}
		{2B96EAAB-E087-3D78-914B-F43BF2B4892C} = {B4E9BD49-637A-3758-882A-667843422BE5}
		{9B02F18A-5DF2-32AD-8800-8B12A234F0AE} = {B4E9BD49-637A-3758-882A-667843422BE5}
		{4E23384E-84D3-3B29-8D29-6F3147B4E052} = {B4E9BD49-637A-3758-882A-667843422BE5}
		{CCE899AE-1393-3683-A887-89498EC0EF0C} = {B4E9BD49-637A-3758-882A-667843422BE5}
		{F4EFB53F-BC85-3455-94A8-51271A32B7E1} = {B4E9BD49-637A-3758-882A-667843422BE5}
		{2BD55037-BB5A-39FE-A8B5-FD76AE1C9B1A} = {B4E9BD49-637A-3758-882A-667843422BE5}
		{19041440-BADD-3FC6-810E-52066B9D00EE} = {B4E9BD49-637A-3758-882A-667843422BE5}
		{0A249255-C9B8-3216-94B1-9237F5292FA2} = {B4E9BD49-637A-3758-882A-667843422BE5}
		{4844B5AE-04CB-3FDA-B56D-45894DB8B9DB} = {B4E9BD49-637A-3758-882A-667843422BE5}
		{199B6B06-5D9E-3474-AFC0-4210EA2884FE} = {B4E9BD49-637A-3758-882A-667843422BE5}
		{4CD46AA3-9329-3F84-A517-AE0A754780FF} = {B4E9BD49-637A-3758-882A-667843422BE5}
		{683C93B1-7303-3AB7-8A5B-021018165F9B} = {B4E9BD49-637A-3758-882A-667843422BE5}
		{D2C48B75-46D9-30CC-B512-C9A78E996ABD} = {B4E9BD49-637A-3758-882A-667843422BE5}
		{A752FFDC-95EF-33A5-A1BB-ED10B51B644E} = {B4E9BD49-637A-3758-882A-667843422BE5}
		{918716BD-8DCC-322E-B450-AB0726B44A72} = {B4E9BD49-637A-3758-882A-667843422BE5}
		{FF4DC021-9F62-3852-9A12-94D9EBFD670E} = {B4E9BD49-637A-3758-882A-667843422BE5}
	EndGlobalSection
	GlobalSection(ExtensibilityGlobals) = postSolution
		SolutionGuid = {4CF132B9-2C1E-3F69-B8BC-034D8AD7020B}
	EndGlobalSection
	GlobalSection(ExtensibilityAddIns) = postSolution
	EndGlobalSection
EndGlobal
